
Microsoft Visual Studio Solution File, Format Version 12.00
# Visual Studio 15
VisualStudioVersion = 15.0.26124.0
MinimumVisualStudioVersion = 15.0.26124.0
Project("{FAE04EC0-301F-11D3-BF4B-00C04F79EFBC}") = "Api", "Api\Api.csproj", "{3FEA5ADE-C868-4187-8233-9B5C57B50431}"
EndProject
Project("{FAE04EC0-301F-11D3-BF4B-00C04F79EFBC}") = "Services", "Services\Services.csproj", "{90905A55-A133-4266-8927-182BEC50982E}"
EndProject
Project("{FAE04EC0-301F-11D3-BF4B-00C04F79EFBC}") = "Models", "Models\Models.csproj", "{280E41E5-B934-4D9D-8294-70C6595E20A3}"
EndProject
Project("{FAE04EC0-301F-11D3-BF4B-00C04F79EFBC}") = "Elastic.Repository", "Elastic.Repository\Elastic.Repository.csproj", "{288EB06A-BA0E-43A8-8E22-97FDC9145896}"
EndProject
Project("{FAE04EC0-301F-11D3-BF4B-00C04F79EFBC}") = "Tests", "Tests\Tests.csproj", "{1FE2ED8A-2A72-4101-940A-F03E18FE9037}"
EndProject
Project("{FAE04EC0-301F-11D3-BF4B-00C04F79EFBC}") = "Cached.Elastic.Repository", "Cached.Elastic.Repository\Cached.Elastic.Repository.csproj", "{79CC0B5A-7429-4292-98D7-A0BA1910CB2A}"
EndProject
Global
	GlobalSection(SolutionConfigurationPlatforms) = preSolution
		Debug|Any CPU = Debug|Any CPU
		Debug|x64 = Debug|x64
		Debug|x86 = Debug|x86
		Release|Any CPU = Release|Any CPU
		Release|x64 = Release|x64
		Release|x86 = Release|x86
	EndGlobalSection
	GlobalSection(SolutionProperties) = preSolution
		HideSolutionNode = FALSE
	EndGlobalSection
	GlobalSection(ProjectConfigurationPlatforms) = postSolution
		{3FEA5ADE-C868-4187-8233-9B5C57B50431}.Debug|Any CPU.ActiveCfg = Debug|Any CPU
		{3FEA5ADE-C868-4187-8233-9B5C57B50431}.Debug|Any CPU.Build.0 = Debug|Any CPU
		{3FEA5ADE-C868-4187-8233-9B5C57B50431}.Debug|x64.ActiveCfg = Debug|Any CPU
		{3FEA5ADE-C868-4187-8233-9B5C57B50431}.Debug|x64.Build.0 = Debug|Any CPU
		{3FEA5ADE-C868-4187-8233-9B5C57B50431}.Debug|x86.ActiveCfg = Debug|Any CPU
		{3FEA5ADE-C868-4187-8233-9B5C57B50431}.Debug|x86.Build.0 = Debug|Any CPU
		{3FEA5ADE-C868-4187-8233-9B5C57B50431}.Release|Any CPU.ActiveCfg = Release|Any CPU
		{3FEA5ADE-C868-4187-8233-9B5C57B50431}.Release|Any CPU.Build.0 = Release|Any CPU
		{3FEA5ADE-C868-4187-8233-9B5C57B50431}.Release|x64.ActiveCfg = Release|Any CPU
		{3FEA5ADE-C868-4187-8233-9B5C57B50431}.Release|x64.Build.0 = Release|Any CPU
		{3FEA5ADE-C868-4187-8233-9B5C57B50431}.Release|x86.ActiveCfg = Release|Any CPU
		{3FEA5ADE-C868-4187-8233-9B5C57B50431}.Release|x86.Build.0 = Release|Any CPU
		{90905A55-A133-4266-8927-182BEC50982E}.Debug|Any CPU.ActiveCfg = Debug|Any CPU
		{90905A55-A133-4266-8927-182BEC50982E}.Debug|Any CPU.Build.0 = Debug|Any CPU
		{90905A55-A133-4266-8927-182BEC50982E}.Debug|x64.ActiveCfg = Debug|Any CPU
		{90905A55-A133-4266-8927-182BEC50982E}.Debug|x64.Build.0 = Debug|Any CPU
		{90905A55-A133-4266-8927-182BEC50982E}.Debug|x86.ActiveCfg = Debug|Any CPU
		{90905A55-A133-4266-8927-182BEC50982E}.Debug|x86.Build.0 = Debug|Any CPU
		{90905A55-A133-4266-8927-182BEC50982E}.Release|Any CPU.ActiveCfg = Release|Any CPU
		{90905A55-A133-4266-8927-182BEC50982E}.Release|Any CPU.Build.0 = Release|Any CPU
		{90905A55-A133-4266-8927-182BEC50982E}.Release|x64.ActiveCfg = Release|Any CPU
		{90905A55-A133-4266-8927-182BEC50982E}.Release|x64.Build.0 = Release|Any CPU
		{90905A55-A133-4266-8927-182BEC50982E}.Release|x86.ActiveCfg = Release|Any CPU
		{90905A55-A133-4266-8927-182BEC50982E}.Release|x86.Build.0 = Release|Any CPU
		{280E41E5-B934-4D9D-8294-70C6595E20A3}.Debug|Any CPU.ActiveCfg = Debug|Any CPU
		{280E41E5-B934-4D9D-8294-70C6595E20A3}.Debug|Any CPU.Build.0 = Debug|Any CPU
		{280E41E5-B934-4D9D-8294-70C6595E20A3}.Debug|x64.ActiveCfg = Debug|Any CPU
		{280E41E5-B934-4D9D-8294-70C6595E20A3}.Debug|x64.Build.0 = Debug|Any CPU
		{280E41E5-B934-4D9D-8294-70C6595E20A3}.Debug|x86.ActiveCfg = Debug|Any CPU
		{280E41E5-B934-4D9D-8294-70C6595E20A3}.Debug|x86.Build.0 = Debug|Any CPU
		{280E41E5-B934-4D9D-8294-70C6595E20A3}.Release|Any CPU.ActiveCfg = Release|Any CPU
		{280E41E5-B934-4D9D-8294-70C6595E20A3}.Release|Any CPU.Build.0 = Release|Any CPU
		{280E41E5-B934-4D9D-8294-70C6595E20A3}.Release|x64.ActiveCfg = Release|Any CPU
		{280E41E5-B934-4D9D-8294-70C6595E20A3}.Release|x64.Build.0 = Release|Any CPU
		{280E41E5-B934-4D9D-8294-70C6595E20A3}.Release|x86.ActiveCfg = Release|Any CPU
		{280E41E5-B934-4D9D-8294-70C6595E20A3}.Release|x86.Build.0 = Release|Any CPU
		{288EB06A-BA0E-43A8-8E22-97FDC9145896}.Debug|Any CPU.ActiveCfg = Debug|Any CPU
		{288EB06A-BA0E-43A8-8E22-97FDC9145896}.Debug|Any CPU.Build.0 = Debug|Any CPU
		{288EB06A-BA0E-43A8-8E22-97FDC9145896}.Debug|x64.ActiveCfg = Debug|Any CPU
		{288EB06A-BA0E-43A8-8E22-97FDC9145896}.Debug|x64.Build.0 = Debug|Any CPU
		{288EB06A-BA0E-43A8-8E22-97FDC9145896}.Debug|x86.ActiveCfg = Debug|Any CPU
		{288EB06A-BA0E-43A8-8E22-97FDC9145896}.Debug|x86.Build.0 = Debug|Any CPU
		{288EB06A-BA0E-43A8-8E22-97FDC9145896}.Release|Any CPU.ActiveCfg = Release|Any CPU
		{288EB06A-BA0E-43A8-8E22-97FDC9145896}.Release|Any CPU.Build.0 = Release|Any CPU
		{288EB06A-BA0E-43A8-8E22-97FDC9145896}.Release|x64.ActiveCfg = Release|Any CPU
		{288EB06A-BA0E-43A8-8E22-97FDC9145896}.Release|x64.Build.0 = Release|Any CPU
		{288EB06A-BA0E-43A8-8E22-97FDC9145896}.Release|x86.ActiveCfg = Release|Any CPU
		{288EB06A-BA0E-43A8-8E22-97FDC9145896}.Release|x86.Build.0 = Release|Any CPU
		{1FE2ED8A-2A72-4101-940A-F03E18FE9037}.Debug|Any CPU.ActiveCfg = Debug|Any CPU
		{1FE2ED8A-2A72-4101-940A-F03E18FE9037}.Debug|Any CPU.Build.0 = Debug|Any CPU
		{1FE2ED8A-2A72-4101-940A-F03E18FE9037}.Debug|x64.ActiveCfg = Debug|Any CPU
		{1FE2ED8A-2A72-4101-940A-F03E18FE9037}.Debug|x64.Build.0 = Debug|Any CPU
		{1FE2ED8A-2A72-4101-940A-F03E18FE9037}.Debug|x86.ActiveCfg = Debug|Any CPU
		{1FE2ED8A-2A72-4101-940A-F03E18FE9037}.Debug|x86.Build.0 = Debug|Any CPU
		{1FE2ED8A-2A72-4101-940A-F03E18FE9037}.Release|Any CPU.ActiveCfg = Release|Any CPU
		{1FE2ED8A-2A72-4101-940A-F03E18FE9037}.Release|Any CPU.Build.0 = Release|Any CPU
		{1FE2ED8A-2A72-4101-940A-F03E18FE9037}.Release|x64.ActiveCfg = Release|Any CPU
		{1FE2ED8A-2A72-4101-940A-F03E18FE9037}.Release|x64.Build.0 = Release|Any CPU
		{1FE2ED8A-2A72-4101-940A-F03E18FE9037}.Release|x86.ActiveCfg = Release|Any CPU
		{1FE2ED8A-2A72-4101-940A-F03E18FE9037}.Release|x86.Build.0 = Release|Any CPU
		{79CC0B5A-7429-4292-98D7-A0BA1910CB2A}.Debug|Any CPU.ActiveCfg = Debug|Any CPU
		{79CC0B5A-7429-4292-98D7-A0BA1910CB2A}.Debug|Any CPU.Build.0 = Debug|Any CPU
		{79CC0B5A-7429-4292-98D7-A0BA1910CB2A}.Debug|x64.ActiveCfg = Debug|Any CPU
		{79CC0B5A-7429-4292-98D7-A0BA1910CB2A}.Debug|x64.Build.0 = Debug|Any CPU
		{79CC0B5A-7429-4292-98D7-A0BA1910CB2A}.Debug|x86.ActiveCfg = Debug|Any CPU
		{79CC0B5A-7429-4292-98D7-A0BA1910CB2A}.Debug|x86.Build.0 = Debug|Any CPU
		{79CC0B5A-7429-4292-98D7-A0BA1910CB2A}.Release|Any CPU.ActiveCfg = Release|Any CPU
		{79CC0B5A-7429-4292-98D7-A0BA1910CB2A}.Release|Any CPU.Build.0 = Release|Any CPU
		{79CC0B5A-7429-4292-98D7-A0BA1910CB2A}.Release|x64.ActiveCfg = Release|Any CPU
		{79CC0B5A-7429-4292-98D7-A0BA1910CB2A}.Release|x64.Build.0 = Release|Any CPU
		{79CC0B5A-7429-4292-98D7-A0BA1910CB2A}.Release|x86.ActiveCfg = Release|Any CPU
		{79CC0B5A-7429-4292-98D7-A0BA1910CB2A}.Release|x86.Build.0 = Release|Any CPU
	EndGlobalSection
EndGlobal
